
Microsoft Visual Studio Solution File, Format Version 12.00
# Visual Studio 15
Project("{FAE04EC0-301F-11D3-BF4B-00C04F79EFBC}") = "UnityEngine.TestRunner", "UnityEngine.TestRunner.csproj", "{088238DC-3EFB-943D-FE99-05FE92BB375B}"
EndProject
Project("{FAE04EC0-301F-11D3-BF4B-00C04F79EFBC}") = "Unity.Mathematics", "Unity.Mathematics.csproj", "{C6537036-8086-F849-A6C6-595D6B613EA6}"
EndProject
Project("{FAE04EC0-301F-11D3-BF4B-00C04F79EFBC}") = "Unity.2D.Animation.Triangle.Runtime", "Unity.2D.Animation.Triangle.Runtime.csproj", "{C94CC8FC-6585-775F-B093-2C883F5CA10E}"
EndProject
Project("{FAE04EC0-301F-11D3-BF4B-00C04F79EFBC}") = "Unity.Timeline", "Unity.Timeline.csproj", "{93FC37C4-21C1-1A2A-A58E-BE5EA56D7A78}"
EndProject
Project("{FAE04EC0-301F-11D3-BF4B-00C04F79EFBC}") = "Unity.TextMeshPro", "Unity.TextMeshPro.csproj", "{FDA5E5E4-4403-3F80-E42B-2137DB5EE334}"
EndProject
Project("{FAE04EC0-301F-11D3-BF4B-00C04F79EFBC}") = "Unity.2D.Animation.Runtime", "Unity.2D.Animation.Runtime.csproj", "{B6410031-5D75-7519-32E7-B7CF9D02D416}"
EndProject
Project("{FAE04EC0-301F-11D3-BF4B-00C04F79EFBC}") = "Unity.2D.IK.Runtime", "Unity.2D.IK.Runtime.csproj", "{8E207D1A-A4BC-F3BD-6ADB-C67D576DDBF1}"
EndProject
Project("{FAE04EC0-301F-11D3-BF4B-00C04F79EFBC}") = "Unity.Notifications.Android", "Unity.Notifications.Android.csproj", "{77D2A451-A275-F7F2-A25E-AE5BEFD2F437}"
EndProject
Project("{FAE04EC0-301F-11D3-BF4B-00C04F79EFBC}") = "Unity.2D.SpriteShape.Runtime", "Unity.2D.SpriteShape.Runtime.csproj", "{CDDE384C-9F9D-9385-B3EC-BDCFEBFFE586}"
EndProject
Project("{FAE04EC0-301F-11D3-BF4B-00C04F79EFBC}") = "Unity.Notifications.iOS", "Unity.Notifications.iOS.csproj", "{FAB1935D-C101-AAE1-BBB8-C19EF6308B62}"
EndProject
Project("{FAE04EC0-301F-11D3-BF4B-00C04F79EFBC}") = "Unity.2D.PixelPerfect", "Unity.2D.PixelPerfect.csproj", "{8F82449C-A1E6-9504-46B3-096290656225}"
EndProject
Project("{FAE04EC0-301F-11D3-BF4B-00C04F79EFBC}") = "Unity.2D.Common.Runtime", "Unity.2D.Common.Runtime.csproj", "{DC848635-B96C-26B2-28A1-F7832F54333B}"
EndProject
Project("{FAE04EC0-301F-11D3-BF4B-00C04F79EFBC}") = "Unity.InternalAPIEngineBridge.001", "Unity.InternalAPIEngineBridge.001.csproj", "{C853E4B0-290B-5294-6CF1-E52565431978}"
EndProject
Project("{FAE04EC0-301F-11D3-BF4B-00C04F79EFBC}") = "Assembly-CSharp", "Assembly-CSharp.csproj", "{18EF257C-5E1C-92DE-E443-C384CCEF9434}"
EndProject
Project("{FAE04EC0-301F-11D3-BF4B-00C04F79EFBC}") = "UnityEditor.TestRunner", "UnityEditor.TestRunner.csproj", "{F2BFA5E2-6287-66D5-74A5-A19069EE1103}"
EndProject
Project("{FAE04EC0-301F-11D3-BF4B-00C04F79EFBC}") = "Unity.PlasticSCM.Editor", "Unity.PlasticSCM.Editor.csproj", "{EFA5FFA9-CE56-DECE-334C-89A07E1A7E16}"
EndProject
Project("{FAE04EC0-301F-11D3-BF4B-00C04F79EFBC}") = "Unity.Timeline.Editor", "Unity.Timeline.Editor.csproj", "{9225258D-E7D7-2C57-27B0-CC8D5A97C9E2}"
EndProject
Project("{FAE04EC0-301F-11D3-BF4B-00C04F79EFBC}") = "Unity.VisualStudio.Editor", "Unity.VisualStudio.Editor.csproj", "{BCC28D37-F662-A0B8-519A-DF08EB2ECD4B}"
EndProject
Project("{FAE04EC0-301F-11D3-BF4B-00C04F79EFBC}") = "Unity.2D.Psdimporter.Editor", "Unity.2D.Psdimporter.Editor.csproj", "{002E4743-D819-A8E1-725F-CE4E2CEDF448}"
EndProject
Project("{FAE04EC0-301F-11D3-BF4B-00C04F79EFBC}") = "Unity.2D.Animation.Editor", "Unity.2D.Animation.Editor.csproj", "{0BD9268B-2DBE-0B29-4FB5-9043962E9412}"
EndProject
Project("{FAE04EC0-301F-11D3-BF4B-00C04F79EFBC}") = "Unity.TextMeshPro.Editor", "Unity.TextMeshPro.Editor.csproj", "{42AF605F-9A8E-2F29-2751-2A3AE927DDFA}"
EndProject
Project("{FAE04EC0-301F-11D3-BF4B-00C04F79EFBC}") = "Unity.2D.SpriteShape.Editor", "Unity.2D.SpriteShape.Editor.csproj", "{DE8A96D7-11BF-4F91-D0D4-506FF4CA5E79}"
EndProject
Project("{FAE04EC0-301F-11D3-BF4B-00C04F79EFBC}") = "Unity.CollabProxy.Editor", "Unity.CollabProxy.Editor.csproj", "{EE2BD619-81A8-277C-F089-65A6BF9E62FC}"
EndProject
Project("{FAE04EC0-301F-11D3-BF4B-00C04F79EFBC}") = "PsdPlugin", "PsdPlugin.csproj", "{E874D8A8-799E-6A09-CD82-9986170EFB89}"
EndProject
Project("{FAE04EC0-301F-11D3-BF4B-00C04F79EFBC}") = "Unity.2D.Path.Editor", "Unity.2D.Path.Editor.csproj", "{4D9F16FA-E116-A7CE-1AB8-D09642350680}"
EndProject
Project("{FAE04EC0-301F-11D3-BF4B-00C04F79EFBC}") = "Unity.Mobile.AndroidLogcat.Editor", "Unity.Mobile.AndroidLogcat.Editor.csproj", "{ABCF2A3C-CC90-C10C-00DA-C88345FD4423}"
EndProject
Project("{FAE04EC0-301F-11D3-BF4B-00C04F79EFBC}") = "Unity.Rider.Editor", "Unity.Rider.Editor.csproj", "{72BEBFDF-EF25-0219-FC91-10553625C10B}"
EndProject
Project("{FAE04EC0-301F-11D3-BF4B-00C04F79EFBC}") = "Unity.2D.IK.Editor", "Unity.2D.IK.Editor.csproj", "{5644A20D-C4EB-CE77-BA2B-1BE365F4B89F}"
EndProject
Project("{FAE04EC0-301F-11D3-BF4B-00C04F79EFBC}") = "Unity.2D.PixelPerfect.Editor", "Unity.2D.PixelPerfect.Editor.csproj", "{9E2476F2-E0E2-440C-D424-F2B1BEB99562}"
EndProject
Project("{FAE04EC0-301F-11D3-BF4B-00C04F79EFBC}") = "Unity.VSCode.Editor", "Unity.VSCode.Editor.csproj", "{B4F890E3-088C-D3A3-EC7F-379E2FA6A237}"
EndProject
Project("{FAE04EC0-301F-11D3-BF4B-00C04F79EFBC}") = "Unity.Notifications", "Unity.Notifications.csproj", "{4F05C13C-AB87-A9B2-C8C1-484B0A23CEF8}"
EndProject
Project("{FAE04EC0-301F-11D3-BF4B-00C04F79EFBC}") = "Unity.2D.Common.Editor", "Unity.2D.Common.Editor.csproj", "{8383D3FA-C16C-B0E1-F5EE-F9B41DF8CCBB}"
EndProject
Project("{FAE04EC0-301F-11D3-BF4B-00C04F79EFBC}") = "Unity.Mathematics.Editor", "Unity.Mathematics.Editor.csproj", "{B4EB228F-7A47-3862-6057-E5B24EBC4BDA}"
EndProject
Project("{FAE04EC0-301F-11D3-BF4B-00C04F79EFBC}") = "Unity.InternalAPIEditorBridge.001", "Unity.InternalAPIEditorBridge.001.csproj", "{6350A227-C4E4-4645-C8C0-00EBFF5A8BC9}"
EndProject
Project("{FAE04EC0-301F-11D3-BF4B-00C04F79EFBC}") = "Assembly-CSharp-Editor", "Assembly-CSharp-Editor.csproj", "{02D4C0E8-C6B6-CB9A-F99D-240754F63484}"
EndProject
Global
	GlobalSection(SolutionConfigurationPlatforms) = preSolution
		Debug|Any CPU = Debug|Any CPU
		Release|Any CPU = Release|Any CPU
	EndGlobalSection
	GlobalSection(ProjectConfigurationPlatforms) = postSolution
		{088238DC-3EFB-943D-FE99-05FE92BB375B}.Debug|Any CPU.ActiveCfg = Debug|Any CPU
		{088238DC-3EFB-943D-FE99-05FE92BB375B}.Debug|Any CPU.Build.0 = Debug|Any CPU
		{088238DC-3EFB-943D-FE99-05FE92BB375B}.Release|Any CPU.ActiveCfg = Release|Any CPU
		{088238DC-3EFB-943D-FE99-05FE92BB375B}.Release|Any CPU.Build.0 = Release|Any CPU
		{C6537036-8086-F849-A6C6-595D6B613EA6}.Debug|Any CPU.ActiveCfg = Debug|Any CPU
		{C6537036-8086-F849-A6C6-595D6B613EA6}.Debug|Any CPU.Build.0 = Debug|Any CPU
		{C6537036-8086-F849-A6C6-595D6B613EA6}.Release|Any CPU.ActiveCfg = Release|Any CPU
		{C6537036-8086-F849-A6C6-595D6B613EA6}.Release|Any CPU.Build.0 = Release|Any CPU
		{C94CC8FC-6585-775F-B093-2C883F5CA10E}.Debug|Any CPU.ActiveCfg = Debug|Any CPU
		{C94CC8FC-6585-775F-B093-2C883F5CA10E}.Debug|Any CPU.Build.0 = Debug|Any CPU
		{C94CC8FC-6585-775F-B093-2C883F5CA10E}.Release|Any CPU.ActiveCfg = Release|Any CPU
		{C94CC8FC-6585-775F-B093-2C883F5CA10E}.Release|Any CPU.Build.0 = Release|Any CPU
		{93FC37C4-21C1-1A2A-A58E-BE5EA56D7A78}.Debug|Any CPU.ActiveCfg = Debug|Any CPU
		{93FC37C4-21C1-1A2A-A58E-BE5EA56D7A78}.Debug|Any CPU.Build.0 = Debug|Any CPU
		{93FC37C4-21C1-1A2A-A58E-BE5EA56D7A78}.Release|Any CPU.ActiveCfg = Release|Any CPU
		{93FC37C4-21C1-1A2A-A58E-BE5EA56D7A78}.Release|Any CPU.Build.0 = Release|Any CPU
		{FDA5E5E4-4403-3F80-E42B-2137DB5EE334}.Debug|Any CPU.ActiveCfg = Debug|Any CPU
		{FDA5E5E4-4403-3F80-E42B-2137DB5EE334}.Debug|Any CPU.Build.0 = Debug|Any CPU
		{FDA5E5E4-4403-3F80-E42B-2137DB5EE334}.Release|Any CPU.ActiveCfg = Release|Any CPU
		{FDA5E5E4-4403-3F80-E42B-2137DB5EE334}.Release|Any CPU.Build.0 = Release|Any CPU
		{B6410031-5D75-7519-32E7-B7CF9D02D416}.Debug|Any CPU.ActiveCfg = Debug|Any CPU
		{B6410031-5D75-7519-32E7-B7CF9D02D416}.Debug|Any CPU.Build.0 = Debug|Any CPU
		{B6410031-5D75-7519-32E7-B7CF9D02D416}.Release|Any CPU.ActiveCfg = Release|Any CPU
		{B6410031-5D75-7519-32E7-B7CF9D02D416}.Release|Any CPU.Build.0 = Release|Any CPU
		{8E207D1A-A4BC-F3BD-6ADB-C67D576DDBF1}.Debug|Any CPU.ActiveCfg = Debug|Any CPU
		{8E207D1A-A4BC-F3BD-6ADB-C67D576DDBF1}.Debug|Any CPU.Build.0 = Debug|Any CPU
		{8E207D1A-A4BC-F3BD-6ADB-C67D576DDBF1}.Release|Any CPU.ActiveCfg = Release|Any CPU
		{8E207D1A-A4BC-F3BD-6ADB-C67D576DDBF1}.Release|Any CPU.Build.0 = Release|Any CPU
		{77D2A451-A275-F7F2-A25E-AE5BEFD2F437}.Debug|Any CPU.ActiveCfg = Debug|Any CPU
		{77D2A451-A275-F7F2-A25E-AE5BEFD2F437}.Debug|Any CPU.Build.0 = Debug|Any CPU
		{77D2A451-A275-F7F2-A25E-AE5BEFD2F437}.Release|Any CPU.ActiveCfg = Release|Any CPU
		{77D2A451-A275-F7F2-A25E-AE5BEFD2F437}.Release|Any CPU.Build.0 = Release|Any CPU
		{CDDE384C-9F9D-9385-B3EC-BDCFEBFFE586}.Debug|Any CPU.ActiveCfg = Debug|Any CPU
		{CDDE384C-9F9D-9385-B3EC-BDCFEBFFE586}.Debug|Any CPU.Build.0 = Debug|Any CPU
		{CDDE384C-9F9D-9385-B3EC-BDCFEBFFE586}.Release|Any CPU.ActiveCfg = Release|Any CPU
		{CDDE384C-9F9D-9385-B3EC-BDCFEBFFE586}.Release|Any CPU.Build.0 = Release|Any CPU
		{FAB1935D-C101-AAE1-BBB8-C19EF6308B62}.Debug|Any CPU.ActiveCfg = Debug|Any CPU
		{FAB1935D-C101-AAE1-BBB8-C19EF6308B62}.Debug|Any CPU.Build.0 = Debug|Any CPU
		{FAB1935D-C101-AAE1-BBB8-C19EF6308B62}.Release|Any CPU.ActiveCfg = Release|Any CPU
		{FAB1935D-C101-AAE1-BBB8-C19EF6308B62}.Release|Any CPU.Build.0 = Release|Any CPU
		{8F82449C-A1E6-9504-46B3-096290656225}.Debug|Any CPU.ActiveCfg = Debug|Any CPU
		{8F82449C-A1E6-9504-46B3-096290656225}.Debug|Any CPU.Build.0 = Debug|Any CPU
		{8F82449C-A1E6-9504-46B3-096290656225}.Release|Any CPU.ActiveCfg = Release|Any CPU
		{8F82449C-A1E6-9504-46B3-096290656225}.Release|Any CPU.Build.0 = Release|Any CPU
		{DC848635-B96C-26B2-28A1-F7832F54333B}.Debug|Any CPU.ActiveCfg = Debug|Any CPU
		{DC848635-B96C-26B2-28A1-F7832F54333B}.Debug|Any CPU.Build.0 = Debug|Any CPU
		{DC848635-B96C-26B2-28A1-F7832F54333B}.Release|Any CPU.ActiveCfg = Release|Any CPU
		{DC848635-B96C-26B2-28A1-F7832F54333B}.Release|Any CPU.Build.0 = Release|Any CPU
		{C853E4B0-290B-5294-6CF1-E52565431978}.Debug|Any CPU.ActiveCfg = Debug|Any CPU
		{C853E4B0-290B-5294-6CF1-E52565431978}.Debug|Any CPU.Build.0 = Debug|Any CPU
		{C853E4B0-290B-5294-6CF1-E52565431978}.Release|Any CPU.ActiveCfg = Release|Any CPU
		{C853E4B0-290B-5294-6CF1-E52565431978}.Release|Any CPU.Build.0 = Release|Any CPU
		{18EF257C-5E1C-92DE-E443-C384CCEF9434}.Debug|Any CPU.ActiveCfg = Debug|Any CPU
		{18EF257C-5E1C-92DE-E443-C384CCEF9434}.Debug|Any CPU.Build.0 = Debug|Any CPU
		{18EF257C-5E1C-92DE-E443-C384CCEF9434}.Release|Any CPU.ActiveCfg = Release|Any CPU
		{18EF257C-5E1C-92DE-E443-C384CCEF9434}.Release|Any CPU.Build.0 = Release|Any CPU
		{F2BFA5E2-6287-66D5-74A5-A19069EE1103}.Debug|Any CPU.ActiveCfg = Debug|Any CPU
		{F2BFA5E2-6287-66D5-74A5-A19069EE1103}.Debug|Any CPU.Build.0 = Debug|Any CPU
		{F2BFA5E2-6287-66D5-74A5-A19069EE1103}.Release|Any CPU.ActiveCfg = Release|Any CPU
		{F2BFA5E2-6287-66D5-74A5-A19069EE1103}.Release|Any CPU.Build.0 = Release|Any CPU
		{EFA5FFA9-CE56-DECE-334C-89A07E1A7E16}.Debug|Any CPU.ActiveCfg = Debug|Any CPU
		{EFA5FFA9-CE56-DECE-334C-89A07E1A7E16}.Debug|Any CPU.Build.0 = Debug|Any CPU
		{EFA5FFA9-CE56-DECE-334C-89A07E1A7E16}.Release|Any CPU.ActiveCfg = Release|Any CPU
		{EFA5FFA9-CE56-DECE-334C-89A07E1A7E16}.Release|Any CPU.Build.0 = Release|Any CPU
		{9225258D-E7D7-2C57-27B0-CC8D5A97C9E2}.Debug|Any CPU.ActiveCfg = Debug|Any CPU
		{9225258D-E7D7-2C57-27B0-CC8D5A97C9E2}.Debug|Any CPU.Build.0 = Debug|Any CPU
		{9225258D-E7D7-2C57-27B0-CC8D5A97C9E2}.Release|Any CPU.ActiveCfg = Release|Any CPU
		{9225258D-E7D7-2C57-27B0-CC8D5A97C9E2}.Release|Any CPU.Build.0 = Release|Any CPU
		{BCC28D37-F662-A0B8-519A-DF08EB2ECD4B}.Debug|Any CPU.ActiveCfg = Debug|Any CPU
		{BCC28D37-F662-A0B8-519A-DF08EB2ECD4B}.Debug|Any CPU.Build.0 = Debug|Any CPU
		{BCC28D37-F662-A0B8-519A-DF08EB2ECD4B}.Release|Any CPU.ActiveCfg = Release|Any CPU
		{BCC28D37-F662-A0B8-519A-DF08EB2ECD4B}.Release|Any CPU.Build.0 = Release|Any CPU
		{002E4743-D819-A8E1-725F-CE4E2CEDF448}.Debug|Any CPU.ActiveCfg = Debug|Any CPU
		{002E4743-D819-A8E1-725F-CE4E2CEDF448}.Debug|Any CPU.Build.0 = Debug|Any CPU
		{002E4743-D819-A8E1-725F-CE4E2CEDF448}.Release|Any CPU.ActiveCfg = Release|Any CPU
		{002E4743-D819-A8E1-725F-CE4E2CEDF448}.Release|Any CPU.Build.0 = Release|Any CPU
		{0BD9268B-2DBE-0B29-4FB5-9043962E9412}.Debug|Any CPU.ActiveCfg = Debug|Any CPU
		{0BD9268B-2DBE-0B29-4FB5-9043962E9412}.Debug|Any CPU.Build.0 = Debug|Any CPU
		{0BD9268B-2DBE-0B29-4FB5-9043962E9412}.Release|Any CPU.ActiveCfg = Release|Any CPU
		{0BD9268B-2DBE-0B29-4FB5-9043962E9412}.Release|Any CPU.Build.0 = Release|Any CPU
		{42AF605F-9A8E-2F29-2751-2A3AE927DDFA}.Debug|Any CPU.ActiveCfg = Debug|Any CPU
		{42AF605F-9A8E-2F29-2751-2A3AE927DDFA}.Debug|Any CPU.Build.0 = Debug|Any CPU
		{42AF605F-9A8E-2F29-2751-2A3AE927DDFA}.Release|Any CPU.ActiveCfg = Release|Any CPU
		{42AF605F-9A8E-2F29-2751-2A3AE927DDFA}.Release|Any CPU.Build.0 = Release|Any CPU
		{DE8A96D7-11BF-4F91-D0D4-506FF4CA5E79}.Debug|Any CPU.ActiveCfg = Debug|Any CPU
		{DE8A96D7-11BF-4F91-D0D4-506FF4CA5E79}.Debug|Any CPU.Build.0 = Debug|Any CPU
		{DE8A96D7-11BF-4F91-D0D4-506FF4CA5E79}.Release|Any CPU.ActiveCfg = Release|Any CPU
		{DE8A96D7-11BF-4F91-D0D4-506FF4CA5E79}.Release|Any CPU.Build.0 = Release|Any CPU
		{EE2BD619-81A8-277C-F089-65A6BF9E62FC}.Debug|Any CPU.ActiveCfg = Debug|Any CPU
		{EE2BD619-81A8-277C-F089-65A6BF9E62FC}.Debug|Any CPU.Build.0 = Debug|Any CPU
		{EE2BD619-81A8-277C-F089-65A6BF9E62FC}.Release|Any CPU.ActiveCfg = Release|Any CPU
		{EE2BD619-81A8-277C-F089-65A6BF9E62FC}.Release|Any CPU.Build.0 = Release|Any CPU
		{E874D8A8-799E-6A09-CD82-9986170EFB89}.Debug|Any CPU.ActiveCfg = Debug|Any CPU
		{E874D8A8-799E-6A09-CD82-9986170EFB89}.Debug|Any CPU.Build.0 = Debug|Any CPU
		{E874D8A8-799E-6A09-CD82-9986170EFB89}.Release|Any CPU.ActiveCfg = Release|Any CPU
		{E874D8A8-799E-6A09-CD82-9986170EFB89}.Release|Any CPU.Build.0 = Release|Any CPU
		{4D9F16FA-E116-A7CE-1AB8-D09642350680}.Debug|Any CPU.ActiveCfg = Debug|Any CPU
		{4D9F16FA-E116-A7CE-1AB8-D09642350680}.Debug|Any CPU.Build.0 = Debug|Any CPU
		{4D9F16FA-E116-A7CE-1AB8-D09642350680}.Release|Any CPU.ActiveCfg = Release|Any CPU
		{4D9F16FA-E116-A7CE-1AB8-D09642350680}.Release|Any CPU.Build.0 = Release|Any CPU
		{ABCF2A3C-CC90-C10C-00DA-C88345FD4423}.Debug|Any CPU.ActiveCfg = Debug|Any CPU
		{ABCF2A3C-CC90-C10C-00DA-C88345FD4423}.Debug|Any CPU.Build.0 = Debug|Any CPU
		{ABCF2A3C-CC90-C10C-00DA-C88345FD4423}.Release|Any CPU.ActiveCfg = Release|Any CPU
		{ABCF2A3C-CC90-C10C-00DA-C88345FD4423}.Release|Any CPU.Build.0 = Release|Any CPU
		{72BEBFDF-EF25-0219-FC91-10553625C10B}.Debug|Any CPU.ActiveCfg = Debug|Any CPU
		{72BEBFDF-EF25-0219-FC91-10553625C10B}.Debug|Any CPU.Build.0 = Debug|Any CPU
		{72BEBFDF-EF25-0219-FC91-10553625C10B}.Release|Any CPU.ActiveCfg = Release|Any CPU
		{72BEBFDF-EF25-0219-FC91-10553625C10B}.Release|Any CPU.Build.0 = Release|Any CPU
		{5644A20D-C4EB-CE77-BA2B-1BE365F4B89F}.Debug|Any CPU.ActiveCfg = Debug|Any CPU
		{5644A20D-C4EB-CE77-BA2B-1BE365F4B89F}.Debug|Any CPU.Build.0 = Debug|Any CPU
		{5644A20D-C4EB-CE77-BA2B-1BE365F4B89F}.Release|Any CPU.ActiveCfg = Release|Any CPU
		{5644A20D-C4EB-CE77-BA2B-1BE365F4B89F}.Release|Any CPU.Build.0 = Release|Any CPU
		{9E2476F2-E0E2-440C-D424-F2B1BEB99562}.Debug|Any CPU.ActiveCfg = Debug|Any CPU
		{9E2476F2-E0E2-440C-D424-F2B1BEB99562}.Debug|Any CPU.Build.0 = Debug|Any CPU
		{9E2476F2-E0E2-440C-D424-F2B1BEB99562}.Release|Any CPU.ActiveCfg = Release|Any CPU
		{9E2476F2-E0E2-440C-D424-F2B1BEB99562}.Release|Any CPU.Build.0 = Release|Any CPU
		{B4F890E3-088C-D3A3-EC7F-379E2FA6A237}.Debug|Any CPU.ActiveCfg = Debug|Any CPU
		{B4F890E3-088C-D3A3-EC7F-379E2FA6A237}.Debug|Any CPU.Build.0 = Debug|Any CPU
		{B4F890E3-088C-D3A3-EC7F-379E2FA6A237}.Release|Any CPU.ActiveCfg = Release|Any CPU
		{B4F890E3-088C-D3A3-EC7F-379E2FA6A237}.Release|Any CPU.Build.0 = Release|Any CPU
		{4F05C13C-AB87-A9B2-C8C1-484B0A23CEF8}.Debug|Any CPU.ActiveCfg = Debug|Any CPU
		{4F05C13C-AB87-A9B2-C8C1-484B0A23CEF8}.Debug|Any CPU.Build.0 = Debug|Any CPU
		{4F05C13C-AB87-A9B2-C8C1-484B0A23CEF8}.Release|Any CPU.ActiveCfg = Release|Any CPU
		{4F05C13C-AB87-A9B2-C8C1-484B0A23CEF8}.Release|Any CPU.Build.0 = Release|Any CPU
		{8383D3FA-C16C-B0E1-F5EE-F9B41DF8CCBB}.Debug|Any CPU.ActiveCfg = Debug|Any CPU
		{8383D3FA-C16C-B0E1-F5EE-F9B41DF8CCBB}.Debug|Any CPU.Build.0 = Debug|Any CPU
		{8383D3FA-C16C-B0E1-F5EE-F9B41DF8CCBB}.Release|Any CPU.ActiveCfg = Release|Any CPU
		{8383D3FA-C16C-B0E1-F5EE-F9B41DF8CCBB}.Release|Any CPU.Build.0 = Release|Any CPU
		{B4EB228F-7A47-3862-6057-E5B24EBC4BDA}.Debug|Any CPU.ActiveCfg = Debug|Any CPU
		{B4EB228F-7A47-3862-6057-E5B24EBC4BDA}.Debug|Any CPU.Build.0 = Debug|Any CPU
		{B4EB228F-7A47-3862-6057-E5B24EBC4BDA}.Release|Any CPU.ActiveCfg = Release|Any CPU
		{B4EB228F-7A47-3862-6057-E5B24EBC4BDA}.Release|Any CPU.Build.0 = Release|Any CPU
		{6350A227-C4E4-4645-C8C0-00EBFF5A8BC9}.Debug|Any CPU.ActiveCfg = Debug|Any CPU
		{6350A227-C4E4-4645-C8C0-00EBFF5A8BC9}.Debug|Any CPU.Build.0 = Debug|Any CPU
		{6350A227-C4E4-4645-C8C0-00EBFF5A8BC9}.Release|Any CPU.ActiveCfg = Release|Any CPU
		{6350A227-C4E4-4645-C8C0-00EBFF5A8BC9}.Release|Any CPU.Build.0 = Release|Any CPU
		{02D4C0E8-C6B6-CB9A-F99D-240754F63484}.Debug|Any CPU.ActiveCfg = Debug|Any CPU
		{02D4C0E8-C6B6-CB9A-F99D-240754F63484}.Debug|Any CPU.Build.0 = Debug|Any CPU
		{02D4C0E8-C6B6-CB9A-F99D-240754F63484}.Release|Any CPU.ActiveCfg = Release|Any CPU
		{02D4C0E8-C6B6-CB9A-F99D-240754F63484}.Release|Any CPU.Build.0 = Release|Any CPU
	EndGlobalSection
	GlobalSection(SolutionProperties) = preSolution
		HideSolutionNode = FALSE
	EndGlobalSection
EndGlobal
